PODS:
  - JTAppleCalendar (7.0.6)
  - Persei (3.0)

DEPENDENCIES:
  - JTAppleCalendar (~> 7.0)
  - Persei (~> 3.0)

SPEC CHECKSUMS:
  JTAppleCalendar: 6a942475e33b9ad4dee0a0e14aa4c63adcf4f543
  Persei: 2fa633362b1686ec53f8d2d1368ee523b8630742

PODFILE CHECKSUM: bbe6eeaa5c63274b93ff976e4b8a89fb3c1ca1cd

COCOAPODS: 1.1.1
