// !$*UTF8*$!
{
	archiveVersion = 1;
	classes = {
	};
	objectVersion = 46;
	objects = {

/* Begin PBXBuildFile section */
		2F8D87CA5F5FF4E0BC2EE1A6 /* Pods_YamboMasterProject.framework in Frameworks */ = {isa = PBXBuildFile; fileRef = 7C905CEF61132CDE2BDADC6E /* Pods_YamboMasterProject.framework */; };
		8B9D7CF8E259F43C054F2A77 /* Pods_YamboMasterProjectTests.framework in Frameworks */ = {isa = PBXBuildFile; fileRef = 1C02E4D415876634AF1F1A82 /* Pods_YamboMasterProjectTests.framework */; };
		E10091631F68334600B46E2A /* Invitado.plist in Resources */ = {isa = PBXBuildFile; fileRef = E10091621F68334600B46E2A /* Invitado.plist */; };
		E10091651F6834D900B46E2A /* Invitado.swift in Sources */ = {isa = PBXBuildFile; fileRef = E10091641F6834D900B46E2A /* Invitado.swift */; };
		E10091681F68359500B46E2A /* InvitadoDataSource.swift in Sources */ = {isa = PBXBuildFile; fileRef = E10091671F68359500B46E2A /* InvitadoDataSource.swift */; };
		E100916D1F68A46900B46E2A /* InvitadosViewFlowLayout.swift in Sources */ = {isa = PBXBuildFile; fileRef = E100916C1F68A46900B46E2A /* InvitadosViewFlowLayout.swift */; };
		E100916F1F6AC67C00B46E2A /* Market.plist in Resources */ = {isa = PBXBuildFile; fileRef = E100916E1F6AC67B00B46E2A /* Market.plist */; };
		E10091871F6ACADE00B46E2A /* marketplace1-6.jpg in Resources */ = {isa = PBXBuildFile; fileRef = E100917C1F6ACADE00B46E2A /* marketplace1-6.jpg */; };
		E10091881F6ACADE00B46E2A /* marketplace1-5.jpg in Resources */ = {isa = PBXBuildFile; fileRef = E100917D1F6ACADE00B46E2A /* marketplace1-5.jpg */; };
		E10091891F6ACADE00B46E2A /* marketplace1-4.jpg in Resources */ = {isa = PBXBuildFile; fileRef = E100917E1F6ACADE00B46E2A /* marketplace1-4.jpg */; };
		E100918A1F6ACADE00B46E2A /* marketplace1-3.jpg in Resources */ = {isa = PBXBuildFile; fileRef = E100917F1F6ACADE00B46E2A /* marketplace1-3.jpg */; };
		E100918B1F6ACADE00B46E2A /* marketplace1-2.jpg in Resources */ = {isa = PBXBuildFile; fileRef = E10091801F6ACADE00B46E2A /* marketplace1-2.jpg */; };
		E100918C1F6ACADE00B46E2A /* marketplace1.jpg in Resources */ = {isa = PBXBuildFile; fileRef = E10091811F6ACADE00B46E2A /* marketplace1.jpg */; };
		E100918D1F6ACADE00B46E2A /* marketplace2.jpg in Resources */ = {isa = PBXBuildFile; fileRef = E10091821F6ACADE00B46E2A /* marketplace2.jpg */; };
		E100918E1F6ACADE00B46E2A /* marketplace3.jpg in Resources */ = {isa = PBXBuildFile; fileRef = E10091831F6ACADE00B46E2A /* marketplace3.jpg */; };
		E100918F1F6ACADF00B46E2A /* marketplace4.jpg in Resources */ = {isa = PBXBuildFile; fileRef = E10091841F6ACADE00B46E2A /* marketplace4.jpg */; };
		E10091901F6ACADF00B46E2A /* marketplace5.jpg in Resources */ = {isa = PBXBuildFile; fileRef = E10091851F6ACADE00B46E2A /* marketplace5.jpg */; };
		E10091911F6ACADF00B46E2A /* marketplace6.jpg in Resources */ = {isa = PBXBuildFile; fileRef = E10091861F6ACADE00B46E2A /* marketplace6.jpg */; };
		E10091931F6ACC9E00B46E2A /* Market.swift in Sources */ = {isa = PBXBuildFile; fileRef = E10091921F6ACC9E00B46E2A /* Market.swift */; };
		E10091951F6ADF4800B46E2A /* MarketDataSource.swift in Sources */ = {isa = PBXBuildFile; fileRef = E10091941F6ADF4800B46E2A /* MarketDataSource.swift */; };
		E10091971F6AED1800B46E2A /* MarketDetailViewController.swift in Sources */ = {isa = PBXBuildFile; fileRef = E10091961F6AED1800B46E2A /* MarketDetailViewController.swift */; };
		E10091A31F6B1AC100B46E2A /* MarketDetailView.swift in Sources */ = {isa = PBXBuildFile; fileRef = E10091A21F6B1AC100B46E2A /* MarketDetailView.swift */; };
		E10091A51F6C15D000B46E2A /* Solicitud.plist in Resources */ = {isa = PBXBuildFile; fileRef = E10091A41F6C15D000B46E2A /* Solicitud.plist */; };
		E10091A71F6C177B00B46E2A /* Solicitude.swift in Sources */ = {isa = PBXBuildFile; fileRef = E10091A61F6C177B00B46E2A /* Solicitude.swift */; };
		E10091A91F6C1C6A00B46E2A /* SolicitudDataSource.swift in Sources */ = {isa = PBXBuildFile; fileRef = E10091A81F6C1C6A00B46E2A /* SolicitudDataSource.swift */; };
		E111E2BF1F59A56C005B4EBD /* HomeCollectionViewController.swift in Sources */ = {isa = PBXBuildFile; fileRef = E111E2BE1F59A56C005B4EBD /* HomeCollectionViewController.swift */; };
		E111E2C21F59A59D005B4EBD /* HomeCollectionViewCell.swift in Sources */ = {isa = PBXBuildFile; fileRef = E111E2C01F59A59D005B4EBD /* HomeCollectionViewCell.swift */; };
		E111E2C31F59A59D005B4EBD /* HomeCollectionViewCell.xib in Resources */ = {isa = PBXBuildFile; fileRef = E111E2C11F59A59D005B4EBD /* HomeCollectionViewCell.xib */; };
		E111E2C51F5B8C01005B4EBD /* MensajeModel.swift in Sources */ = {isa = PBXBuildFile; fileRef = E111E2C41F5B8C01005B4EBD /* MensajeModel.swift */; };
		E111E2C71F5B8ECD005B4EBD /* ComunicadoModel.swift in Sources */ = {isa = PBXBuildFile; fileRef = E111E2C61F5B8ECD005B4EBD /* ComunicadoModel.swift */; };
		E111E2C91F5B91B2005B4EBD /* ReservacioneModel.swift in Sources */ = {isa = PBXBuildFile; fileRef = E111E2C81F5B91B2005B4EBD /* ReservacioneModel.swift */; };
		E111E2CD1F5EE7EA005B4EBD /* comunicado1.jpg in Resources */ = {isa = PBXBuildFile; fileRef = E111E2CC1F5EE7E9005B4EBD /* comunicado1.jpg */; };
		E111E2CF1F5EEA36005B4EBD /* comunicado5.png in Resources */ = {isa = PBXBuildFile; fileRef = E111E2CE1F5EEA36005B4EBD /* comunicado5.png */; };
		E111E2D11F5EEDC3005B4EBD /* comunicado2.jpg in Resources */ = {isa = PBXBuildFile; fileRef = E111E2D01F5EEDC3005B4EBD /* comunicado2.jpg */; };
		E111E2D31F5EEDD4005B4EBD /* comunicado4.jpg in Resources */ = {isa = PBXBuildFile; fileRef = E111E2D21F5EEDD4005B4EBD /* comunicado4.jpg */; };
		E111E2D51F5EF0F6005B4EBD /* comunicado3.jpg in Resources */ = {isa = PBXBuildFile; fileRef = E111E2D41F5EF0F6005B4EBD /* comunicado3.jpg */; };
		E111E2D71F5EF3FE005B4EBD /* comunicado6.jpg in Resources */ = {isa = PBXBuildFile; fileRef = E111E2D61F5EF3FE005B4EBD /* comunicado6.jpg */; };
		E1139DBC1F73222400E2AAE5 /* SolicitudPendiente.plist in Resources */ = {isa = PBXBuildFile; fileRef = E1139DBB1F73222400E2AAE5 /* SolicitudPendiente.plist */; };
		E1139DBE1F73227500E2AAE5 /* SolicitudPendiente.swift in Sources */ = {isa = PBXBuildFile; fileRef = E1139DBD1F73227500E2AAE5 /* SolicitudPendiente.swift */; };
		E1139DC01F7322C200E2AAE5 /* SolicitudPendienteDataSource.swift in Sources */ = {isa = PBXBuildFile; fileRef = E1139DBF1F7322C200E2AAE5 /* SolicitudPendienteDataSource.swift */; };
		E1139DC41F73344E00E2AAE5 /* SolicitudReusableView.swift in Sources */ = {isa = PBXBuildFile; fileRef = E1139DC31F73344E00E2AAE5 /* SolicitudReusableView.swift */; };
		E1139DC61F74223300E2AAE5 /* PagoTableViewController.swift in Sources */ = {isa = PBXBuildFile; fileRef = E1139DC51F74223200E2AAE5 /* PagoTableViewController.swift */; };
		E1139DC81F7437EF00E2AAE5 /* PagoHeaderCell.swift in Sources */ = {isa = PBXBuildFile; fileRef = E1139DC71F7437EF00E2AAE5 /* PagoHeaderCell.swift */; };
		E1224A9E1F4F117C002A183D /* AppDelegate.swift in Sources */ = {isa = PBXBuildFile; fileRef = E1224A9D1F4F117C002A183D /* AppDelegate.swift */; };
		E1224AA31F4F117C002A183D /* Main.storyboard in Resources */ = {isa = PBXBuildFile; fileRef = E1224AA11F4F117C002A183D /* Main.storyboard */; };
		E1224AA61F4F117D002A183D /* YamboMasterProject.xcdatamodeld in Sources */ = {isa = PBXBuildFile; fileRef = E1224AA41F4F117C002A183D /* YamboMasterProject.xcdatamodeld */; };
		E1224AA81F4F117D002A183D /* Assets.xcassets in Resources */ = {isa = PBXBuildFile; fileRef = E1224AA71F4F117D002A183D /* Assets.xcassets */; };
		E1224AAB1F4F117D002A183D /* LaunchScreen.storyboard in Resources */ = {isa = PBXBuildFile; fileRef = E1224AA91F4F117D002A183D /* LaunchScreen.storyboard */; };
		E1224AB61F4F117D002A183D /* YamboMasterProjectTests.swift in Sources */ = {isa = PBXBuildFile; fileRef = E1224AB51F4F117D002A183D /* YamboMasterProjectTests.swift */; };
		E1224AC11F4F117D002A183D /* YamboMasterProjectUITests.swift in Sources */ = {isa = PBXBuildFile; fileRef = E1224AC01F4F117D002A183D /* YamboMasterProjectUITests.swift */; };
		E1224AD51F4F2783002A183D /* MenuModel.swift in Sources */ = {isa = PBXBuildFile; fileRef = E1224AD41F4F2783002A183D /* MenuModel.swift */; };
		E1224AF31F4F28A3002A183D /* reservaciones1.jpg in Resources */ = {isa = PBXBuildFile; fileRef = E1224AEE1F4F28A3002A183D /* reservaciones1.jpg */; };
		E1224AF41F4F28A3002A183D /* reservaciones2.jpg in Resources */ = {isa = PBXBuildFile; fileRef = E1224AEF1F4F28A3002A183D /* reservaciones2.jpg */; };
		E1224AF51F4F28A3002A183D /* reservaciones3.jpg in Resources */ = {isa = PBXBuildFile; fileRef = E1224AF01F4F28A3002A183D /* reservaciones3.jpg */; };
		E1224AF61F4F28A3002A183D /* reservaciones4.jpg in Resources */ = {isa = PBXBuildFile; fileRef = E1224AF11F4F28A3002A183D /* reservaciones4.jpg */; };
		E1224AF71F4F28A3002A183D /* reservaciones5.jpg in Resources */ = {isa = PBXBuildFile; fileRef = E1224AF21F4F28A3002A183D /* reservaciones5.jpg */; };
		E1224AF81F4F2DFF002A183D /* TrendSansOne.otf in Resources */ = {isa = PBXBuildFile; fileRef = E1224AD81F4F280E002A183D /* TrendSansOne.otf */; };
		E1224AFA1F4F3576002A183D /* ReservacionesTableViewController.swift in Sources */ = {isa = PBXBuildFile; fileRef = E1224AF91F4F3576002A183D /* ReservacionesTableViewController.swift */; };
		E1224B011F4F4636002A183D /* ReservacionesTableViewCell.swift in Sources */ = {isa = PBXBuildFile; fileRef = E1224AFF1F4F4636002A183D /* ReservacionesTableViewCell.swift */; };
		E1224B021F4F4636002A183D /* ReservacionesTableViewCell.xib in Resources */ = {isa = PBXBuildFile; fileRef = E1224B001F4F4636002A183D /* ReservacionesTableViewCell.xib */; };
		E1224B041F5074E2002A183D /* MensajeTableViewController.swift in Sources */ = {isa = PBXBuildFile; fileRef = E1224B031F5074E2002A183D /* MensajeTableViewController.swift */; };
		E1224B091F5075BB002A183D /* MensajesTableViewCell.swift in Sources */ = {isa = PBXBuildFile; fileRef = E1224B071F5075BB002A183D /* MensajesTableViewCell.swift */; };
		E1224B0A1F5075BB002A183D /* MensajesTableViewCell.xib in Resources */ = {isa = PBXBuildFile; fileRef = E1224B081F5075BB002A183D /* MensajesTableViewCell.xib */; };
		E1224B191F535FDF002A183D /* Extensions.swift in Sources */ = {isa = PBXBuildFile; fileRef = E1224B181F535FDF002A183D /* Extensions.swift */; };
		E129B0741F6DBCA600809F1E /* InvitadoAddCell.swift in Sources */ = {isa = PBXBuildFile; fileRef = E129B0721F6DBCA600809F1E /* InvitadoAddCell.swift */; };
		E129B0751F6DBCA600809F1E /* InvitadoAddCell.xib in Resources */ = {isa = PBXBuildFile; fileRef = E129B0731F6DBCA600809F1E /* InvitadoAddCell.xib */; };
		E1879F771F5F08C100AF63AA /* mensaje1.jpg in Resources */ = {isa = PBXBuildFile; fileRef = E1879F761F5F08C100AF63AA /* mensaje1.jpg */; };
		E1879F791F5F14E700AF63AA /* mensaje6.jpg in Resources */ = {isa = PBXBuildFile; fileRef = E1879F781F5F14E700AF63AA /* mensaje6.jpg */; };
		E1879F7B1F5F26A700AF63AA /* mensajeIcon.png in Resources */ = {isa = PBXBuildFile; fileRef = E1879F7A1F5F26A700AF63AA /* mensajeIcon.png */; };
		E1879F7D1F5F27B800AF63AA /* comunicadoIcon.png in Resources */ = {isa = PBXBuildFile; fileRef = E1879F7C1F5F27B800AF63AA /* comunicadoIcon.png */; };
		E1879F801F5F3E0A00AF63AA /* HomeHeaderCollectionReusableView.swift in Sources */ = {isa = PBXBuildFile; fileRef = E1879F7E1F5F3E0A00AF63AA /* HomeHeaderCollectionReusableView.swift */; };
		E1879F811F5F3E0A00AF63AA /* HomeHeaderCollectionReusableView.xib in Resources */ = {isa = PBXBuildFile; fileRef = E1879F7F1F5F3E0A00AF63AA /* HomeHeaderCollectionReusableView.xib */; };
		E1879F841F60538600AF63AA /* SolicitudCollectionViewController.swift in Sources */ = {isa = PBXBuildFile; fileRef = E1879F831F60538600AF63AA /* SolicitudCollectionViewController.swift */; };
		E1879F921F62D9B200AF63AA /* InvitadoCollectionViewController.swift in Sources */ = {isa = PBXBuildFile; fileRef = E1879F911F62D9B200AF63AA /* InvitadoCollectionViewController.swift */; };
		E1879F971F62E25500AF63AA /* InvitadoCell.swift in Sources */ = {isa = PBXBuildFile; fileRef = E1879F951F62E25500AF63AA /* InvitadoCell.swift */; };
		E1879F981F62E25500AF63AA /* InvitadoCell.xib in Resources */ = {isa = PBXBuildFile; fileRef = E1879F961F62E25500AF63AA /* InvitadoCell.xib */; };
		E1879F9D1F62EBFE00AF63AA /* invitado1.png in Resources */ = {isa = PBXBuildFile; fileRef = E1879F9C1F62EBFE00AF63AA /* invitado1.png */; };
		E1879FA11F62EFD600AF63AA /* invitado2.png in Resources */ = {isa = PBXBuildFile; fileRef = E1879FA01F62EFD600AF63AA /* invitado2.png */; };
		E1879FA31F62EFDB00AF63AA /* invitado3.png in Resources */ = {isa = PBXBuildFile; fileRef = E1879FA21F62EFDB00AF63AA /* invitado3.png */; };
		E1879FA51F62F0A900AF63AA /* invitado4.png in Resources */ = {isa = PBXBuildFile; fileRef = E1879FA41F62F0A900AF63AA /* invitado4.png */; };
		E1879FA71F62F0AD00AF63AA /* invitado5.png in Resources */ = {isa = PBXBuildFile; fileRef = E1879FA61F62F0AD00AF63AA /* invitado5.png */; };
		E1879FA91F62F0C000AF63AA /* invitado6.png in Resources */ = {isa = PBXBuildFile; fileRef = E1879FA81F62F0C000AF63AA /* invitado6.png */; };
		E1A5A9371F7209F6003A9E0C /* SolicitudCell.swift in Sources */ = {isa = PBXBuildFile; fileRef = E1A5A9361F7209F6003A9E0C /* SolicitudCell.swift */; };
		E1A7C6B31F54A39100E4FC32 /* mensaje4.jpg in Resources */ = {isa = PBXBuildFile; fileRef = E1A7C6B11F54A39100E4FC32 /* mensaje4.jpg */; };
		E1A7C6B51F54A42E00E4FC32 /* mensaje5.jpg in Resources */ = {isa = PBXBuildFile; fileRef = E1A7C6B41F54A42E00E4FC32 /* mensaje5.jpg */; };
		E1A7C6B81F54A5CD00E4FC32 /* CommunicadosTableViewCell.swift in Sources */ = {isa = PBXBuildFile; fileRef = E1A7C6B61F54A5CD00E4FC32 /* CommunicadosTableViewCell.swift */; };
		E1A7C6B91F54A5CD00E4FC32 /* CommunicadosTableViewCell.xib in Resources */ = {isa = PBXBuildFile; fileRef = E1A7C6B71F54A5CD00E4FC32 /* CommunicadosTableViewCell.xib */; };
		E1A7C6BB1F54AA4300E4FC32 /* ComunicadoTableViewController.swift in Sources */ = {isa = PBXBuildFile; fileRef = E1A7C6BA1F54AA4300E4FC32 /* ComunicadoTableViewController.swift */; };
		E1A7C6DC1F55BE5B00E4FC32 /* MarketTableViewController.swift in Sources */ = {isa = PBXBuildFile; fileRef = E1A7C6DB1F55BE5B00E4FC32 /* MarketTableViewController.swift */; };
		E1A7C6DF1F55C5FB00E4FC32 /* MarketCell.swift in Sources */ = {isa = PBXBuildFile; fileRef = E1A7C6DD1F55C5FB00E4FC32 /* MarketCell.swift */; };
		E1A7C6E01F55C5FB00E4FC32 /* MarketCell.xib in Resources */ = {isa = PBXBuildFile; fileRef = E1A7C6DE1F55C5FB00E4FC32 /* MarketCell.xib */; };
		E1C2DEE41F701A8B0085374E /* MarketDetail2View.swift in Sources */ = {isa = PBXBuildFile; fileRef = E1C2DEE31F701A8B0085374E /* MarketDetail2View.swift */; };
		E1C2DEE81F701B5D0085374E /* MarketDetail2ViewViewController.swift in Sources */ = {isa = PBXBuildFile; fileRef = E1C2DEE71F701B5D0085374E /* MarketDetail2ViewViewController.swift */; };
		E1FE0E681F5F02CD0040F68E /* mensaje2.jpg in Resources */ = {isa = PBXBuildFile; fileRef = E1FE0E671F5F02CD0040F68E /* mensaje2.jpg */; };
		E1FE0E6C1F5F04050040F68E /* mensaje3.jpg in Resources */ = {isa = PBXBuildFile; fileRef = E1FE0E6B1F5F04050040F68E /* mensaje3.jpg */; };
		EC2F73B7A553C5A289B1660F /* Pods_YamboMasterProjectUITests.framework in Frameworks */ = {isa = PBXBuildFile; fileRef = 3787F674D1C6F5C174C99258 /* Pods_YamboMasterProjectUITests.framework */; };
/* End PBXBuildFile section */

/* Begin PBXContainerItemProxy section */
		E1224AB21F4F117D002A183D /* PBXContainerItemProxy */ = {
			isa = PBXContainerItemProxy;
			containerPortal = E1224A921F4F117C002A183D /* Project object */;
			proxyType = 1;
			remoteGlobalIDString = E1224A991F4F117C002A183D;
			remoteInfo = YamboMasterProject;
		};
		E1224ABD1F4F117D002A183D /* PBXContainerItemProxy */ = {
			isa = PBXContainerItemProxy;
			containerPortal = E1224A921F4F117C002A183D /* Project object */;
			proxyType = 1;
			remoteGlobalIDString = E1224A991F4F117C002A183D;
			remoteInfo = YamboMasterProject;
		};
/* End PBXContainerItemProxy section */

/* Begin PBXFileReference section */
		1C02E4D415876634AF1F1A82 /* Pods_YamboMasterProjectTests.framework */ = {isa = PBXFileReference; explicitFileType = wrapper.framework; includeInIndex = 0; path = Pods_YamboMasterProjectTests.framework; sourceTree = BUILT_PRODUCTS_DIR; };
		3787F674D1C6F5C174C99258 /* Pods_YamboMasterProjectUITests.framework */ = {isa = PBXFileReference; explicitFileType = wrapper.framework; includeInIndex = 0; path = Pods_YamboMasterProjectUITests.framework; sourceTree = BUILT_PRODUCTS_DIR; };
		3A31C8F298AFC13D94C50273 /* Pods-YamboMasterProject.release.xcconfig */ = {isa = PBXFileReference; includeInIndex = 1; lastKnownFileType = text.xcconfig; name = "Pods-YamboMasterProject.release.xcconfig"; path = "Pods/Target Support Files/Pods-YamboMasterProject/Pods-YamboMasterProject.release.xcconfig"; sourceTree = "<group>"; };
		3AC9FD406B95F2879583480F /* Pods-YamboMasterProjectUITests.release.xcconfig */ = {isa = PBXFileReference; includeInIndex = 1; lastKnownFileType = text.xcconfig; name = "Pods-YamboMasterProjectUITests.release.xcconfig"; path = "Pods/Target Support Files/Pods-YamboMasterProjectUITests/Pods-YamboMasterProjectUITests.release.xcconfig"; sourceTree = "<group>"; };
		5FB9FD4609A89C21A784EA6E /* Pods-YamboMasterProject.debug.xcconfig */ = {isa = PBXFileReference; includeInIndex = 1; lastKnownFileType = text.xcconfig; name = "Pods-YamboMasterProject.debug.xcconfig"; path = "Pods/Target Support Files/Pods-YamboMasterProject/Pods-YamboMasterProject.debug.xcconfig"; sourceTree = "<group>"; };
		7C905CEF61132CDE2BDADC6E /* Pods_YamboMasterProject.framework */ = {isa = PBXFileReference; explicitFileType = wrapper.framework; includeInIndex = 0; path = Pods_YamboMasterProject.framework; sourceTree = BUILT_PRODUCTS_DIR; };
		858B48BA6AC7622F17A5F236 /* Pods-YamboMasterProjectTests.release.xcconfig */ = {isa = PBXFileReference; includeInIndex = 1; lastKnownFileType = text.xcconfig; name = "Pods-YamboMasterProjectTests.release.xcconfig"; path = "Pods/Target Support Files/Pods-YamboMasterProjectTests/Pods-YamboMasterProjectTests.release.xcconfig"; sourceTree = "<group>"; };
		86C931C33D223C123E15877E /* Pods-YamboMasterProjectTests.debug.xcconfig */ = {isa = PBXFileReference; includeInIndex = 1; lastKnownFileType = text.xcconfig; name = "Pods-YamboMasterProjectTests.debug.xcconfig"; path = "Pods/Target Support Files/Pods-YamboMasterProjectTests/Pods-YamboMasterProjectTests.debug.xcconfig"; sourceTree = "<group>"; };
		9237376A30E99C539FCE58CC /* Pods-YamboMasterProjectUITests.debug.xcconfig */ = {isa = PBXFileReference; includeInIndex = 1; lastKnownFileType = text.xcconfig; name = "Pods-YamboMasterProjectUITests.debug.xcconfig"; path = "Pods/Target Support Files/Pods-YamboMasterProjectUITests/Pods-YamboMasterProjectUITests.debug.xcconfig"; sourceTree = "<group>"; };
		E10091621F68334600B46E2A /* Invitado.plist */ = {isa = PBXFileReference; fileEncoding = 4; lastKnownFileType = text.plist.xml; path = Invitado.plist; sourceTree = "<group>"; };
		E10091641F6834D900B46E2A /* Invitado.swift */ = {isa = PBXFileReference; fileEncoding = 4; lastKnownFileType = sourcecode.swift; path = Invitado.swift; sourceTree = "<group>"; };
		E10091671F68359500B46E2A /* InvitadoDataSource.swift */ = {isa = PBXFileReference; fileEncoding = 4; lastKnownFileType = sourcecode.swift; path = InvitadoDataSource.swift; sourceTree = "<group>"; };
		E100916C1F68A46900B46E2A /* InvitadosViewFlowLayout.swift */ = {isa = PBXFileReference; fileEncoding = 4; lastKnownFileType = sourcecode.swift; path = InvitadosViewFlowLayout.swift; sourceTree = "<group>"; };
		E100916E1F6AC67B00B46E2A /* Market.plist */ = {isa = PBXFileReference; fileEncoding = 4; lastKnownFileType = text.plist.xml; path = Market.plist; sourceTree = "<group>"; };
		E100917C1F6ACADE00B46E2A /* marketplace1-6.jpg */ = {isa = PBXFileReference; lastKnownFileType = image.jpeg; path = "marketplace1-6.jpg"; sourceTree = "<group>"; };
		E100917D1F6ACADE00B46E2A /* marketplace1-5.jpg */ = {isa = PBXFileReference; lastKnownFileType = image.jpeg; path = "marketplace1-5.jpg"; sourceTree = "<group>"; };
		E100917E1F6ACADE00B46E2A /* marketplace1-4.jpg */ = {isa = PBXFileReference; lastKnownFileType = image.jpeg; path = "marketplace1-4.jpg"; sourceTree = "<group>"; };
		E100917F1F6ACADE00B46E2A /* marketplace1-3.jpg */ = {isa = PBXFileReference; lastKnownFileType = image.jpeg; path = "marketplace1-3.jpg"; sourceTree = "<group>"; };
		E10091801F6ACADE00B46E2A /* marketplace1-2.jpg */ = {isa = PBXFileReference; lastKnownFileType = image.jpeg; path = "marketplace1-2.jpg"; sourceTree = "<group>"; };
		E10091811F6ACADE00B46E2A /* marketplace1.jpg */ = {isa = PBXFileReference; lastKnownFileType = image.jpeg; path = marketplace1.jpg; sourceTree = "<group>"; };
		E10091821F6ACADE00B46E2A /* marketplace2.jpg */ = {isa = PBXFileReference; lastKnownFileType = image.jpeg; path = marketplace2.jpg; sourceTree = "<group>"; };
		E10091831F6ACADE00B46E2A /* marketplace3.jpg */ = {isa = PBXFileReference; lastKnownFileType = image.jpeg; path = marketplace3.jpg; sourceTree = "<group>"; };
		E10091841F6ACADE00B46E2A /* marketplace4.jpg */ = {isa = PBXFileReference; lastKnownFileType = image.jpeg; path = marketplace4.jpg; sourceTree = "<group>"; };
		E10091851F6ACADE00B46E2A /* marketplace5.jpg */ = {isa = PBXFileReference; lastKnownFileType = image.jpeg; path = marketplace5.jpg; sourceTree = "<group>"; };
		E10091861F6ACADE00B46E2A /* marketplace6.jpg */ = {isa = PBXFileReference; lastKnownFileType = image.jpeg; path = marketplace6.jpg; sourceTree = "<group>"; };
		E10091921F6ACC9E00B46E2A /* Market.swift */ = {isa = PBXFileReference; fileEncoding = 4; lastKnownFileType = sourcecode.swift; path = Market.swift; sourceTree = "<group>"; };
		E10091941F6ADF4800B46E2A /* MarketDataSource.swift */ = {isa = PBXFileReference; fileEncoding = 4; lastKnownFileType = sourcecode.swift; path = MarketDataSource.swift; sourceTree = "<group>"; };
		E10091961F6AED1800B46E2A /* MarketDetailViewController.swift */ = {isa = PBXFileReference; fileEncoding = 4; lastKnownFileType = sourcecode.swift; path = MarketDetailViewController.swift; sourceTree = "<group>"; };
		E10091A21F6B1AC100B46E2A /* MarketDetailView.swift */ = {isa = PBXFileReference; fileEncoding = 4; lastKnownFileType = sourcecode.swift; path = MarketDetailView.swift; sourceTree = "<group>"; };
		E10091A41F6C15D000B46E2A /* Solicitud.plist */ = {isa = PBXFileReference; fileEncoding = 4; lastKnownFileType = text.plist.xml; path = Solicitud.plist; sourceTree = "<group>"; };
		E10091A61F6C177B00B46E2A /* Solicitude.swift */ = {isa = PBXFileReference; fileEncoding = 4; lastKnownFileType = sourcecode.swift; path = Solicitude.swift; sourceTree = "<group>"; };
		E10091A81F6C1C6A00B46E2A /* SolicitudDataSource.swift */ = {isa = PBXFileReference; fileEncoding = 4; lastKnownFileType = sourcecode.swift; path = SolicitudDataSource.swift; sourceTree = "<group>"; };
		E111E2BE1F59A56C005B4EBD /* HomeCollectionViewController.swift */ = {isa = PBXFileReference; fileEncoding = 4; lastKnownFileType = sourcecode.swift; path = HomeCollectionViewController.swift; sourceTree = "<group>"; };
		E111E2C01F59A59D005B4EBD /* HomeCollectionViewCell.swift */ = {isa = PBXFileReference; fileEncoding = 4; lastKnownFileType = sourcecode.swift; path = HomeCollectionViewCell.swift; sourceTree = "<group>"; };
		E111E2C11F59A59D005B4EBD /* HomeCollectionViewCell.xib */ = {isa = PBXFileReference; fileEncoding = 4; lastKnownFileType = file.xib; path = HomeCollectionViewCell.xib; sourceTree = "<group>"; };
		E111E2C41F5B8C01005B4EBD /* MensajeModel.swift */ = {isa = PBXFileReference; fileEncoding = 4; lastKnownFileType = sourcecode.swift; path = MensajeModel.swift; sourceTree = "<group>"; };
		E111E2C61F5B8ECD005B4EBD /* ComunicadoModel.swift */ = {isa = PBXFileReference; fileEncoding = 4; lastKnownFileType = sourcecode.swift; path = ComunicadoModel.swift; sourceTree = "<group>"; };
		E111E2C81F5B91B2005B4EBD /* ReservacioneModel.swift */ = {isa = PBXFileReference; fileEncoding = 4; lastKnownFileType = sourcecode.swift; path = ReservacioneModel.swift; sourceTree = "<group>"; };
		E111E2CC1F5EE7E9005B4EBD /* comunicado1.jpg */ = {isa = PBXFileReference; lastKnownFileType = image.jpeg; path = comunicado1.jpg; sourceTree = "<group>"; };
		E111E2CE1F5EEA36005B4EBD /* comunicado5.png */ = {isa = PBXFileReference; lastKnownFileType = image.png; path = comunicado5.png; sourceTree = "<group>"; };
		E111E2D01F5EEDC3005B4EBD /* comunicado2.jpg */ = {isa = PBXFileReference; lastKnownFileType = image.jpeg; path = comunicado2.jpg; sourceTree = "<group>"; };
		E111E2D21F5EEDD4005B4EBD /* comunicado4.jpg */ = {isa = PBXFileReference; lastKnownFileType = image.jpeg; path = comunicado4.jpg; sourceTree = "<group>"; };
		E111E2D41F5EF0F6005B4EBD /* comunicado3.jpg */ = {isa = PBXFileReference; lastKnownFileType = image.jpeg; path = comunicado3.jpg; sourceTree = "<group>"; };
		E111E2D61F5EF3FE005B4EBD /* comunicado6.jpg */ = {isa = PBXFileReference; lastKnownFileType = image.jpeg; path = comunicado6.jpg; sourceTree = "<group>"; };
		E1139DBB1F73222400E2AAE5 /* SolicitudPendiente.plist */ = {isa = PBXFileReference; fileEncoding = 4; lastKnownFileType = text.plist.xml; path = SolicitudPendiente.plist; sourceTree = "<group>"; };
		E1139DBD1F73227500E2AAE5 /* SolicitudPendiente.swift */ = {isa = PBXFileReference; fileEncoding = 4; lastKnownFileType = sourcecode.swift; path = SolicitudPendiente.swift; sourceTree = "<group>"; };
		E1139DBF1F7322C200E2AAE5 /* SolicitudPendienteDataSource.swift */ = {isa = PBXFileReference; fileEncoding = 4; lastKnownFileType = sourcecode.swift; path = SolicitudPendienteDataSource.swift; sourceTree = "<group>"; };
		E1139DC31F73344E00E2AAE5 /* SolicitudReusableView.swift */ = {isa = PBXFileReference; fileEncoding = 4; lastKnownFileType = sourcecode.swift; path = SolicitudReusableView.swift; sourceTree = "<group>"; };
		E1139DC51F74223200E2AAE5 /* PagoTableViewController.swift */ = {isa = PBXFileReference; fileEncoding = 4; lastKnownFileType = sourcecode.swift; path = PagoTableViewController.swift; sourceTree = "<group>"; };
		E1139DC71F7437EF00E2AAE5 /* PagoHeaderCell.swift */ = {isa = PBXFileReference; fileEncoding = 4; lastKnownFileType = sourcecode.swift; path = PagoHeaderCell.swift; sourceTree = "<group>"; };
		E1224A9A1F4F117C002A183D /* YamboMasterProject.app */ = {isa = PBXFileReference; explicitFileType = wrapper.application; includeInIndex = 0; path = YamboMasterProject.app; sourceTree = BUILT_PRODUCTS_DIR; };
		E1224A9D1F4F117C002A183D /* AppDelegate.swift */ = {isa = PBXFileReference; lastKnownFileType = sourcecode.swift; path = AppDelegate.swift; sourceTree = "<group>"; };
		E1224AA21F4F117C002A183D /* Base */ = {isa = PBXFileReference; lastKnownFileType = file.storyboard; name = Base; path = Base.lproj/Main.storyboard; sourceTree = "<group>"; };
		E1224AA51F4F117C002A183D /* YamboMasterProject.xcdatamodel */ = {isa = PBXFileReference; lastKnownFileType = wrapper.xcdatamodel; path = YamboMasterProject.xcdatamodel; sourceTree = "<group>"; };
		E1224AA71F4F117D002A183D /* Assets.xcassets */ = {isa = PBXFileReference; lastKnownFileType = folder.assetcatalog; path = Assets.xcassets; sourceTree = "<group>"; };
		E1224AAA1F4F117D002A183D /* Base */ = {isa = PBXFileReference; lastKnownFileType = file.storyboard; name = Base; path = Base.lproj/LaunchScreen.storyboard; sourceTree = "<group>"; };
		E1224AAC1F4F117D002A183D /* Info.plist */ = {isa = PBXFileReference; lastKnownFileType = text.plist.xml; path = Info.plist; sourceTree = "<group>"; };
		E1224AB11F4F117D002A183D /* YamboMasterProjectTests.xctest */ = {isa = PBXFileReference; explicitFileType = wrapper.cfbundle; includeInIndex = 0; path = YamboMasterProjectTests.xctest; sourceTree = BUILT_PRODUCTS_DIR; };
		E1224AB51F4F117D002A183D /* YamboMasterProjectTests.swift */ = {isa = PBXFileReference; lastKnownFileType = sourcecode.swift; path = YamboMasterProjectTests.swift; sourceTree = "<group>"; };
		E1224AB71F4F117D002A183D /* Info.plist */ = {isa = PBXFileReference; lastKnownFileType = text.plist.xml; path = Info.plist; sourceTree = "<group>"; };
		E1224ABC1F4F117D002A183D /* YamboMasterProjectUITests.xctest */ = {isa = PBXFileReference; explicitFileType = wrapper.cfbundle; includeInIndex = 0; path = YamboMasterProjectUITests.xctest; sourceTree = BUILT_PRODUCTS_DIR; };
		E1224AC01F4F117D002A183D /* YamboMasterProjectUITests.swift */ = {isa = PBXFileReference; lastKnownFileType = sourcecode.swift; path = YamboMasterProjectUITests.swift; sourceTree = "<group>"; };
		E1224AC21F4F117D002A183D /* Info.plist */ = {isa = PBXFileReference; lastKnownFileType = text.plist.xml; path = Info.plist; sourceTree = "<group>"; };
		E1224AD41F4F2783002A183D /* MenuModel.swift */ = {isa = PBXFileReference; fileEncoding = 4; lastKnownFileType = sourcecode.swift; path = MenuModel.swift; sourceTree = "<group>"; };
		E1224AD81F4F280E002A183D /* TrendSansOne.otf */ = {isa = PBXFileReference; lastKnownFileType = file; path = TrendSansOne.otf; sourceTree = "<group>"; };
		E1224AEE1F4F28A3002A183D /* reservaciones1.jpg */ = {isa = PBXFileReference; lastKnownFileType = image.jpeg; path = reservaciones1.jpg; sourceTree = "<group>"; };
		E1224AEF1F4F28A3002A183D /* reservaciones2.jpg */ = {isa = PBXFileReference; lastKnownFileType = image.jpeg; path = reservaciones2.jpg; sourceTree = "<group>"; };
		E1224AF01F4F28A3002A183D /* reservaciones3.jpg */ = {isa = PBXFileReference; lastKnownFileType = image.jpeg; path = reservaciones3.jpg; sourceTree = "<group>"; };
		E1224AF11F4F28A3002A183D /* reservaciones4.jpg */ = {isa = PBXFileReference; lastKnownFileType = image.jpeg; path = reservaciones4.jpg; sourceTree = "<group>"; };
		E1224AF21F4F28A3002A183D /* reservaciones5.jpg */ = {isa = PBXFileReference; lastKnownFileType = image.jpeg; path = reservaciones5.jpg; sourceTree = "<group>"; };
		E1224AF91F4F3576002A183D /* ReservacionesTableViewController.swift */ = {isa = PBXFileReference; fileEncoding = 4; lastKnownFileType = sourcecode.swift; path = ReservacionesTableViewController.swift; sourceTree = "<group>"; };
		E1224AFF1F4F4636002A183D /* ReservacionesTableViewCell.swift */ = {isa = PBXFileReference; fileEncoding = 4; lastKnownFileType = sourcecode.swift; path = ReservacionesTableViewCell.swift; sourceTree = "<group>"; };
		E1224B001F4F4636002A183D /* ReservacionesTableViewCell.xib */ = {isa = PBXFileReference; fileEncoding = 4; lastKnownFileType = file.xib; path = ReservacionesTableViewCell.xib; sourceTree = "<group>"; };
		E1224B031F5074E2002A183D /* MensajeTableViewController.swift */ = {isa = PBXFileReference; fileEncoding = 4; lastKnownFileType = sourcecode.swift; path = MensajeTableViewController.swift; sourceTree = "<group>"; };
		E1224B071F5075BB002A183D /* MensajesTableViewCell.swift */ = {isa = PBXFileReference; fileEncoding = 4; lastKnownFileType = sourcecode.swift; path = MensajesTableViewCell.swift; sourceTree = "<group>"; };
		E1224B081F5075BB002A183D /* MensajesTableViewCell.xib */ = {isa = PBXFileReference; fileEncoding = 4; lastKnownFileType = file.xib; path = MensajesTableViewCell.xib; sourceTree = "<group>"; };
		E1224B181F535FDF002A183D /* Extensions.swift */ = {isa = PBXFileReference; fileEncoding = 4; lastKnownFileType = sourcecode.swift; path = Extensions.swift; sourceTree = "<group>"; };
		E129B0721F6DBCA600809F1E /* InvitadoAddCell.swift */ = {isa = PBXFileReference; fileEncoding = 4; lastKnownFileType = sourcecode.swift; path = InvitadoAddCell.swift; sourceTree = "<group>"; };
		E129B0731F6DBCA600809F1E /* InvitadoAddCell.xib */ = {isa = PBXFileReference; fileEncoding = 4; lastKnownFileType = file.xib; path = InvitadoAddCell.xib; sourceTree = "<group>"; };
		E1879F761F5F08C100AF63AA /* mensaje1.jpg */ = {isa = PBXFileReference; lastKnownFileType = image.jpeg; path = mensaje1.jpg; sourceTree = "<group>"; };
		E1879F781F5F14E700AF63AA /* mensaje6.jpg */ = {isa = PBXFileReference; lastKnownFileType = image.jpeg; path = mensaje6.jpg; sourceTree = "<group>"; };
		E1879F7A1F5F26A700AF63AA /* mensajeIcon.png */ = {isa = PBXFileReference; lastKnownFileType = image.png; path = mensajeIcon.png; sourceTree = "<group>"; };
		E1879F7C1F5F27B800AF63AA /* comunicadoIcon.png */ = {isa = PBXFileReference; lastKnownFileType = image.png; path = comunicadoIcon.png; sourceTree = "<group>"; };
		E1879F7E1F5F3E0A00AF63AA /* HomeHeaderCollectionReusableView.swift */ = {isa = PBXFileReference; fileEncoding = 4; lastKnownFileType = sourcecode.swift; path = HomeHeaderCollectionReusableView.swift; sourceTree = "<group>"; };
		E1879F7F1F5F3E0A00AF63AA /* HomeHeaderCollectionReusableView.xib */ = {isa = PBXFileReference; fileEncoding = 4; lastKnownFileType = file.xib; path = HomeHeaderCollectionReusableView.xib; sourceTree = "<group>"; };
		E1879F831F60538600AF63AA /* SolicitudCollectionViewController.swift */ = {isa = PBXFileReference; fileEncoding = 4; lastKnownFileType = sourcecode.swift; path = SolicitudCollectionViewController.swift; sourceTree = "<group>"; };
		E1879F911F62D9B200AF63AA /* InvitadoCollectionViewController.swift */ = {isa = PBXFileReference; fileEncoding = 4; lastKnownFileType = sourcecode.swift; path = InvitadoCollectionViewController.swift; sourceTree = "<group>"; };
		E1879F951F62E25500AF63AA /* InvitadoCell.swift */ = {isa = PBXFileReference; fileEncoding = 4; lastKnownFileType = sourcecode.swift; path = InvitadoCell.swift; sourceTree = "<group>"; };
		E1879F961F62E25500AF63AA /* InvitadoCell.xib */ = {isa = PBXFileReference; fileEncoding = 4; lastKnownFileType = file.xib; path = InvitadoCell.xib; sourceTree = "<group>"; };
		E1879F9C1F62EBFE00AF63AA /* invitado1.png */ = {isa = PBXFileReference; lastKnownFileType = image.png; path = invitado1.png; sourceTree = "<group>"; };
		E1879FA01F62EFD600AF63AA /* invitado2.png */ = {isa = PBXFileReference; lastKnownFileType = image.png; path = invitado2.png; sourceTree = "<group>"; };
		E1879FA21F62EFDB00AF63AA /* invitado3.png */ = {isa = PBXFileReference; lastKnownFileType = image.png; path = invitado3.png; sourceTree = "<group>"; };
		E1879FA41F62F0A900AF63AA /* invitado4.png */ = {isa = PBXFileReference; lastKnownFileType = image.png; path = invitado4.png; sourceTree = "<group>"; };
		E1879FA61F62F0AD00AF63AA /* invitado5.png */ = {isa = PBXFileReference; lastKnownFileType = image.png; path = invitado5.png; sourceTree = "<group>"; };
		E1879FA81F62F0C000AF63AA /* invitado6.png */ = {isa = PBXFileReference; lastKnownFileType = image.png; path = invitado6.png; sourceTree = "<group>"; };
		E1A5A9361F7209F6003A9E0C /* SolicitudCell.swift */ = {isa = PBXFileReference; fileEncoding = 4; lastKnownFileType = sourcecode.swift; path = SolicitudCell.swift; sourceTree = "<group>"; };
		E1A7C6B11F54A39100E4FC32 /* mensaje4.jpg */ = {isa = PBXFileReference; lastKnownFileType = image.jpeg; path = mensaje4.jpg; sourceTree = "<group>"; };
		E1A7C6B41F54A42E00E4FC32 /* mensaje5.jpg */ = {isa = PBXFileReference; lastKnownFileType = image.jpeg; path = mensaje5.jpg; sourceTree = "<group>"; };
		E1A7C6B61F54A5CD00E4FC32 /* CommunicadosTableViewCell.swift */ = {isa = PBXFileReference; fileEncoding = 4; lastKnownFileType = sourcecode.swift; path = CommunicadosTableViewCell.swift; sourceTree = "<group>"; };
		E1A7C6B71F54A5CD00E4FC32 /* CommunicadosTableViewCell.xib */ = {isa = PBXFileReference; fileEncoding = 4; lastKnownFileType = file.xib; path = CommunicadosTableViewCell.xib; sourceTree = "<group>"; };
		E1A7C6BA1F54AA4300E4FC32 /* ComunicadoTableViewController.swift */ = {isa = PBXFileReference; fileEncoding = 4; lastKnownFileType = sourcecode.swift; path = ComunicadoTableViewController.swift; sourceTree = "<group>"; };
		E1A7C6DB1F55BE5B00E4FC32 /* MarketTableViewController.swift */ = {isa = PBXFileReference; fileEncoding = 4; lastKnownFileType = sourcecode.swift; path = MarketTableViewController.swift; sourceTree = "<group>"; };
		E1A7C6DD1F55C5FB00E4FC32 /* MarketCell.swift */ = {isa = PBXFileReference; fileEncoding = 4; lastKnownFileType = sourcecode.swift; path = MarketCell.swift; sourceTree = "<group>"; };
		E1A7C6DE1F55C5FB00E4FC32 /* MarketCell.xib */ = {isa = PBXFileReference; fileEncoding = 4; lastKnownFileType = file.xib; path = MarketCell.xib; sourceTree = "<group>"; };
		E1C2DEE31F701A8B0085374E /* MarketDetail2View.swift */ = {isa = PBXFileReference; fileEncoding = 4; lastKnownFileType = sourcecode.swift; path = MarketDetail2View.swift; sourceTree = "<group>"; };
		E1C2DEE71F701B5D0085374E /* MarketDetail2ViewViewController.swift */ = {isa = PBXFileReference; fileEncoding = 4; lastKnownFileType = sourcecode.swift; path = MarketDetail2ViewViewController.swift; sourceTree = "<group>"; };
		E1FE0E671F5F02CD0040F68E /* mensaje2.jpg */ = {isa = PBXFileReference; lastKnownFileType = image.jpeg; path = mensaje2.jpg; sourceTree = "<group>"; };
		E1FE0E6B1F5F04050040F68E /* mensaje3.jpg */ = {isa = PBXFileReference; lastKnownFileType = image.jpeg; path = mensaje3.jpg; sourceTree = "<group>"; };
/* End PBXFileReference section */

/* Begin PBXFrameworksBuildPhase section */
		E1224A971F4F117C002A183D /* Frameworks */ = {
			isa = PBXFrameworksBuildPhase;
			buildActionMask = 2147483647;
			files = (
				2F8D87CA5F5FF4E0BC2EE1A6 /* Pods_YamboMasterProject.framework in Frameworks */,
			);
			runOnlyForDeploymentPostprocessing = 0;
		};
		E1224AAE1F4F117D002A183D /* Frameworks */ = {
			isa = PBXFrameworksBuildPhase;
			buildActionMask = 2147483647;
			files = (
				8B9D7CF8E259F43C054F2A77 /* Pods_YamboMasterProjectTests.framework in Frameworks */,
			);
			runOnlyForDeploymentPostprocessing = 0;
		};
		E1224AB91F4F117D002A183D /* Frameworks */ = {
			isa = PBXFrameworksBuildPhase;
			buildActionMask = 2147483647;
			files = (
				EC2F73B7A553C5A289B1660F /* Pods_YamboMasterProjectUITests.framework in Frameworks */,
			);
			runOnlyForDeploymentPostprocessing = 0;
		};
/* End PBXFrameworksBuildPhase section */

/* Begin PBXGroup section */
		11D8257F90C316C0E650D4FB /* Pods */ = {
			isa = PBXGroup;
			children = (
				E1224ABF1F4F117D002A183D /* YamboMasterProjectUITests */,
				5FB9FD4609A89C21A784EA6E /* Pods-YamboMasterProject.debug.xcconfig */,
				3A31C8F298AFC13D94C50273 /* Pods-YamboMasterProject.release.xcconfig */,
				86C931C33D223C123E15877E /* Pods-YamboMasterProjectTests.debug.xcconfig */,
				858B48BA6AC7622F17A5F236 /* Pods-YamboMasterProjectTests.release.xcconfig */,
				9237376A30E99C539FCE58CC /* Pods-YamboMasterProjectUITests.debug.xcconfig */,
				3AC9FD406B95F2879583480F /* Pods-YamboMasterProjectUITests.release.xcconfig */,
			);
			name = Pods;
			sourceTree = "<group>";
		};
		645863C9450C82B8845F7FBA /* Frameworks */ = {
			isa = PBXGroup;
			children = (
				7C905CEF61132CDE2BDADC6E /* Pods_YamboMasterProject.framework */,
				1C02E4D415876634AF1F1A82 /* Pods_YamboMasterProjectTests.framework */,
				3787F674D1C6F5C174C99258 /* Pods_YamboMasterProjectUITests.framework */,
			);
			name = Frameworks;
			sourceTree = "<group>";
		};
		E100915F1F68328C00B46E2A /* Data */ = {
			isa = PBXGroup;
			children = (
				E10091621F68334600B46E2A /* Invitado.plist */,
				E100916E1F6AC67B00B46E2A /* Market.plist */,
				E10091A41F6C15D000B46E2A /* Solicitud.plist */,
				E1139DBB1F73222400E2AAE5 /* SolicitudPendiente.plist */,
			);
			name = Data;
			sourceTree = "<group>";
		};
		E10091661F68355A00B46E2A /* DataSource */ = {
			isa = PBXGroup;
			children = (
				E10091941F6ADF4800B46E2A /* MarketDataSource.swift */,
				E10091671F68359500B46E2A /* InvitadoDataSource.swift */,
				E10091A81F6C1C6A00B46E2A /* SolicitudDataSource.swift */,
				E1139DBF1F7322C200E2AAE5 /* SolicitudPendienteDataSource.swift */,
			);
			name = DataSource;
			sourceTree = "<group>";
		};
		E100916B1F68A3F900B46E2A /* Layout */ = {
			isa = PBXGroup;
			children = (
				E100916C1F68A46900B46E2A /* InvitadosViewFlowLayout.swift */,
			);
			name = Layout;
			sourceTree = "<group>";
		};
		E1224A911F4F117C002A183D = {
			isa = PBXGroup;
			children = (
				E1224A9C1F4F117C002A183D /* YamboMasterProject */,
				E1224AD61F4F27B4002A183D /* Core Data */,
				E1224AB41F4F117D002A183D /* YamboMasterProjectTests */,
				E1224A9B1F4F117C002A183D /* Products */,
				11D8257F90C316C0E650D4FB /* Pods */,
				645863C9450C82B8845F7FBA /* Frameworks */,
			);
			sourceTree = "<group>";
		};
		E1224A9B1F4F117C002A183D /* Products */ = {
			isa = PBXGroup;
			children = (
				E1224A9A1F4F117C002A183D /* YamboMasterProject.app */,
				E1224AB11F4F117D002A183D /* YamboMasterProjectTests.xctest */,
				E1224ABC1F4F117D002A183D /* YamboMasterProjectUITests.xctest */,
			);
			name = Products;
			sourceTree = "<group>";
		};
		E1224A9C1F4F117C002A183D /* YamboMasterProject */ = {
			isa = PBXGroup;
			children = (
				E1224A9D1F4F117C002A183D /* AppDelegate.swift */,
				E10091661F68355A00B46E2A /* DataSource */,
				E1224AD31F4F271A002A183D /* Models */,
				E1879F821F60409600AF63AA /* Views */,
				E1224ACE1F4F2398002A183D /* Controllers */,
				E100916B1F68A3F900B46E2A /* Layout */,
				E1224AD11F4F2692002A183D /* UI */,
				E100915F1F68328C00B46E2A /* Data */,
				E1224AD91F4F2834002A183D /* Resources */,
				E1224AD21F4F26F7002A183D /* Supporting Files */,
				E1224AD71F4F27ED002A183D /* Fonts */,
			);
			path = YamboMasterProject;
			sourceTree = "<group>";
		};
		E1224AB41F4F117D002A183D /* YamboMasterProjectTests */ = {
			isa = PBXGroup;
			children = (
				E1224AB51F4F117D002A183D /* YamboMasterProjectTests.swift */,
				E1224AB71F4F117D002A183D /* Info.plist */,
			);
			path = YamboMasterProjectTests;
			sourceTree = "<group>";
		};
		E1224ABF1F4F117D002A183D /* YamboMasterProjectUITests */ = {
			isa = PBXGroup;
			children = (
				E1224AC01F4F117D002A183D /* YamboMasterProjectUITests.swift */,
				E1224AC21F4F117D002A183D /* Info.plist */,
			);
			path = YamboMasterProjectUITests;
			sourceTree = "<group>";
		};
		E1224ACE1F4F2398002A183D /* Controllers */ = {
			isa = PBXGroup;
			children = (
				E111E2BE1F59A56C005B4EBD /* HomeCollectionViewController.swift */,
				E1224B031F5074E2002A183D /* MensajeTableViewController.swift */,
				E1A7C6BA1F54AA4300E4FC32 /* ComunicadoTableViewController.swift */,
				E1224AF91F4F3576002A183D /* ReservacionesTableViewController.swift */,
				E1A7C6DB1F55BE5B00E4FC32 /* MarketTableViewController.swift */,
				E10091961F6AED1800B46E2A /* MarketDetailViewController.swift */,
				E1C2DEE71F701B5D0085374E /* MarketDetail2ViewViewController.swift */,
				E1879F911F62D9B200AF63AA /* InvitadoCollectionViewController.swift */,
				E1879F831F60538600AF63AA /* SolicitudCollectionViewController.swift */,
				E1139DC51F74223200E2AAE5 /* PagoTableViewController.swift */,
			);
			name = Controllers;
			sourceTree = "<group>";
		};
		E1224AD11F4F2692002A183D /* UI */ = {
			isa = PBXGroup;
			children = (
				E1224AA11F4F117C002A183D /* Main.storyboard */,
				E1224AA91F4F117D002A183D /* LaunchScreen.storyboard */,
				E1224AA71F4F117D002A183D /* Assets.xcassets */,
			);
			name = UI;
			sourceTree = "<group>";
		};
		E1224AD21F4F26F7002A183D /* Supporting Files */ = {
			isa = PBXGroup;
			children = (
				E1224AAC1F4F117D002A183D /* Info.plist */,
			);
			name = "Supporting Files";
			sourceTree = "<group>";
		};
		E1224AD31F4F271A002A183D /* Models */ = {
			isa = PBXGroup;
			children = (
				E1224AD41F4F2783002A183D /* MenuModel.swift */,
				E111E2C41F5B8C01005B4EBD /* MensajeModel.swift */,
				E111E2C61F5B8ECD005B4EBD /* ComunicadoModel.swift */,
				E111E2C81F5B91B2005B4EBD /* ReservacioneModel.swift */,
				E10091921F6ACC9E00B46E2A /* Market.swift */,
				E10091641F6834D900B46E2A /* Invitado.swift */,
				E10091A61F6C177B00B46E2A /* Solicitude.swift */,
				E1139DBD1F73227500E2AAE5 /* SolicitudPendiente.swift */,
				E1224B181F535FDF002A183D /* Extensions.swift */,
			);
			name = Models;
			sourceTree = "<group>";
		};
		E1224AD61F4F27B4002A183D /* Core Data */ = {
			isa = PBXGroup;
			children = (
				E1224AA41F4F117C002A183D /* YamboMasterProject.xcdatamodeld */,
			);
			name = "Core Data";
			path = YamboMasterProject;
			sourceTree = "<group>";
		};
		E1224AD71F4F27ED002A183D /* Fonts */ = {
			isa = PBXGroup;
			children = (
				E1224AD81F4F280E002A183D /* TrendSansOne.otf */,
			);
			name = Fonts;
			sourceTree = "<group>";
		};
		E1224AD91F4F2834002A183D /* Resources */ = {
			isa = PBXGroup;
			children = (
				E1224ADA1F4F284F002A183D /* Menu Images */,
				E1224B0B1F5094A3002A183D /* Mensaje Images */,
				E1A7C6BC1F54AD9600E4FC32 /* Comunicado Images */,
				E1224AED1F4F2888002A183D /* Reservaciones Images */,
				E1A7C6E11F55D14D00E4FC32 /* Marketplace Images */,
				E1879F9B1F62EBD400AF63AA /* Invitado Images */,
			);
			name = Resources;
			sourceTree = "<group>";
		};
		E1224ADA1F4F284F002A183D /* Menu Images */ = {
			isa = PBXGroup;
			children = (
				E1879F7A1F5F26A700AF63AA /* mensajeIcon.png */,
				E1879F7C1F5F27B800AF63AA /* comunicadoIcon.png */,
			);
			name = "Menu Images";
			sourceTree = "<group>";
		};
		E1224AED1F4F2888002A183D /* Reservaciones Images */ = {
			isa = PBXGroup;
			children = (
				E1224AEE1F4F28A3002A183D /* reservaciones1.jpg */,
				E1224AEF1F4F28A3002A183D /* reservaciones2.jpg */,
				E1224AF01F4F28A3002A183D /* reservaciones3.jpg */,
				E1224AF11F4F28A3002A183D /* reservaciones4.jpg */,
				E1224AF21F4F28A3002A183D /* reservaciones5.jpg */,
			);
			name = "Reservaciones Images";
			sourceTree = "<group>";
		};
		E1224B0B1F5094A3002A183D /* Mensaje Images */ = {
			isa = PBXGroup;
			children = (
				E1879F761F5F08C100AF63AA /* mensaje1.jpg */,
				E1FE0E671F5F02CD0040F68E /* mensaje2.jpg */,
				E1FE0E6B1F5F04050040F68E /* mensaje3.jpg */,
				E1A7C6B11F54A39100E4FC32 /* mensaje4.jpg */,
				E1A7C6B41F54A42E00E4FC32 /* mensaje5.jpg */,
				E1879F781F5F14E700AF63AA /* mensaje6.jpg */,
			);
			name = "Mensaje Images";
			sourceTree = "<group>";
		};
		E1879F821F60409600AF63AA /* Views */ = {
			isa = PBXGroup;
			children = (
				E111E2C01F59A59D005B4EBD /* HomeCollectionViewCell.swift */,
				E111E2C11F59A59D005B4EBD /* HomeCollectionViewCell.xib */,
				E1879F7E1F5F3E0A00AF63AA /* HomeHeaderCollectionReusableView.swift */,
				E1879F7F1F5F3E0A00AF63AA /* HomeHeaderCollectionReusableView.xib */,
				E1224B071F5075BB002A183D /* MensajesTableViewCell.swift */,
				E1224B081F5075BB002A183D /* MensajesTableViewCell.xib */,
				E1A7C6B61F54A5CD00E4FC32 /* CommunicadosTableViewCell.swift */,
				E1A7C6B71F54A5CD00E4FC32 /* CommunicadosTableViewCell.xib */,
				E1224AFF1F4F4636002A183D /* ReservacionesTableViewCell.swift */,
				E1224B001F4F4636002A183D /* ReservacionesTableViewCell.xib */,
				E1A7C6DD1F55C5FB00E4FC32 /* MarketCell.swift */,
				E1A7C6DE1F55C5FB00E4FC32 /* MarketCell.xib */,
				E10091A21F6B1AC100B46E2A /* MarketDetailView.swift */,
				E1C2DEE31F701A8B0085374E /* MarketDetail2View.swift */,
				E1879F951F62E25500AF63AA /* InvitadoCell.swift */,
				E1879F961F62E25500AF63AA /* InvitadoCell.xib */,
				E129B0721F6DBCA600809F1E /* InvitadoAddCell.swift */,
				E129B0731F6DBCA600809F1E /* InvitadoAddCell.xib */,
				E1A5A9361F7209F6003A9E0C /* SolicitudCell.swift */,
				E1139DC31F73344E00E2AAE5 /* SolicitudReusableView.swift */,
				E1139DC71F7437EF00E2AAE5 /* PagoHeaderCell.swift */,
			);
			name = Views;
			sourceTree = "<group>";
		};
		E1879F9B1F62EBD400AF63AA /* Invitado Images */ = {
			isa = PBXGroup;
			children = (
				E1879F9C1F62EBFE00AF63AA /* invitado1.png */,
				E1879FA01F62EFD600AF63AA /* invitado2.png */,
				E1879FA21F62EFDB00AF63AA /* invitado3.png */,
				E1879FA41F62F0A900AF63AA /* invitado4.png */,
				E1879FA61F62F0AD00AF63AA /* invitado5.png */,
				E1879FA81F62F0C000AF63AA /* invitado6.png */,
			);
			name = "Invitado Images";
			sourceTree = "<group>";
		};
		E1A7C6BC1F54AD9600E4FC32 /* Comunicado Images */ = {
			isa = PBXGroup;
			children = (
				E111E2CC1F5EE7E9005B4EBD /* comunicado1.jpg */,
				E111E2D01F5EEDC3005B4EBD /* comunicado2.jpg */,
				E111E2D41F5EF0F6005B4EBD /* comunicado3.jpg */,
				E111E2D21F5EEDD4005B4EBD /* comunicado4.jpg */,
				E111E2CE1F5EEA36005B4EBD /* comunicado5.png */,
				E111E2D61F5EF3FE005B4EBD /* comunicado6.jpg */,
			);
			name = "Comunicado Images";
			sourceTree = "<group>";
		};
		E1A7C6E11F55D14D00E4FC32 /* Marketplace Images */ = {
			isa = PBXGroup;
			children = (
				E100917C1F6ACADE00B46E2A /* marketplace1-6.jpg */,
				E100917D1F6ACADE00B46E2A /* marketplace1-5.jpg */,
				E100917E1F6ACADE00B46E2A /* marketplace1-4.jpg */,
				E100917F1F6ACADE00B46E2A /* marketplace1-3.jpg */,
				E10091801F6ACADE00B46E2A /* marketplace1-2.jpg */,
				E10091811F6ACADE00B46E2A /* marketplace1.jpg */,
				E10091821F6ACADE00B46E2A /* marketplace2.jpg */,
				E10091831F6ACADE00B46E2A /* marketplace3.jpg */,
				E10091841F6ACADE00B46E2A /* marketplace4.jpg */,
				E10091851F6ACADE00B46E2A /* marketplace5.jpg */,
				E10091861F6ACADE00B46E2A /* marketplace6.jpg */,
			);
			name = "Marketplace Images";
			sourceTree = "<group>";
		};
/* End PBXGroup section */

/* Begin PBXNativeTarget section */
		E1224A991F4F117C002A183D /* YamboMasterProject */ = {
			isa = PBXNativeTarget;
			buildConfigurationList = E1224AC51F4F117D002A183D /* Build configuration list for PBXNativeTarget "YamboMasterProject" */;
			buildPhases = (
				0C48512A7FA5CE4036768873 /* [CP] Check Pods Manifest.lock */,
				E1224A961F4F117C002A183D /* Sources */,
				E1224A971F4F117C002A183D /* Frameworks */,
				E1224A981F4F117C002A183D /* Resources */,
				D38286DF225AD922310B82B4 /* [CP] Embed Pods Frameworks */,
				82C9809CC672FA0A5B295B25 /* [CP] Copy Pods Resources */,
			);
			buildRules = (
			);
			dependencies = (
			);
			name = YamboMasterProject;
			productName = YamboMasterProject;
			productReference = E1224A9A1F4F117C002A183D /* YamboMasterProject.app */;
			productType = "com.apple.product-type.application";
		};
		E1224AB01F4F117D002A183D /* YamboMasterProjectTests */ = {
			isa = PBXNativeTarget;
			buildConfigurationList = E1224AC81F4F117D002A183D /* Build configuration list for PBXNativeTarget "YamboMasterProjectTests" */;
			buildPhases = (
				9DC27D42F05AC5B3C6B4992B /* [CP] Check Pods Manifest.lock */,
				E1224AAD1F4F117D002A183D /* Sources */,
				E1224AAE1F4F117D002A183D /* Frameworks */,
				E1224AAF1F4F117D002A183D /* Resources */,
				2CC42A0322EAF76D323F8C02 /* [CP] Embed Pods Frameworks */,
				0BE8A27A1F6F32D819CB5FC1 /* [CP] Copy Pods Resources */,
			);
			buildRules = (
			);
			dependencies = (
				E1224AB31F4F117D002A183D /* PBXTargetDependency */,
			);
			name = YamboMasterProjectTests;
			productName = YamboMasterProjectTests;
			productReference = E1224AB11F4F117D002A183D /* YamboMasterProjectTests.xctest */;
			productType = "com.apple.product-type.bundle.unit-test";
		};
		E1224ABB1F4F117D002A183D /* YamboMasterProjectUITests */ = {
			isa = PBXNativeTarget;
			buildConfigurationList = E1224ACB1F4F117D002A183D /* Build configuration list for PBXNativeTarget "YamboMasterProjectUITests" */;
			buildPhases = (
				1E05B90CACF91152BDB90149 /* [CP] Check Pods Manifest.lock */,
				E1224AB81F4F117D002A183D /* Sources */,
				E1224AB91F4F117D002A183D /* Frameworks */,
				E1224ABA1F4F117D002A183D /* Resources */,
				7D5AD94394F8AC3BF5731B1A /* [CP] Embed Pods Frameworks */,
				34E861C89A7DE448FFD60611 /* [CP] Copy Pods Resources */,
			);
			buildRules = (
			);
			dependencies = (
				E1224ABE1F4F117D002A183D /* PBXTargetDependency */,
			);
			name = YamboMasterProjectUITests;
			productName = YamboMasterProjectUITests;
			productReference = E1224ABC1F4F117D002A183D /* YamboMasterProjectUITests.xctest */;
			productType = "com.apple.product-type.bundle.ui-testing";
		};
/* End PBXNativeTarget section */

/* Begin PBXProject section */
		E1224A921F4F117C002A183D /* Project object */ = {
			isa = PBXProject;
			attributes = {
				LastSwiftUpdateCheck = 0830;
				LastUpgradeCheck = 0830;
				ORGANIZATIONNAME = "Dennis Vera";
				TargetAttributes = {
					E1224A991F4F117C002A183D = {
						CreatedOnToolsVersion = 8.3.3;
						DevelopmentTeam = K24N6NL7FA;
						ProvisioningStyle = Automatic;
					};
					E1224AB01F4F117D002A183D = {
						CreatedOnToolsVersion = 8.3.3;
						DevelopmentTeam = K24N6NL7FA;
						ProvisioningStyle = Automatic;
						TestTargetID = E1224A991F4F117C002A183D;
					};
					E1224ABB1F4F117D002A183D = {
						CreatedOnToolsVersion = 8.3.3;
						DevelopmentTeam = K24N6NL7FA;
						ProvisioningStyle = Automatic;
						TestTargetID = E1224A991F4F117C002A183D;
					};
				};
			};
			buildConfigurationList = E1224A951F4F117C002A183D /* Build configuration list for PBXProject "YamboMasterProject" */;
			compatibilityVersion = "Xcode 3.2";
			developmentRegion = English;
			hasScannedForEncodings = 0;
			knownRegions = (
				en,
				Base,
			);
			mainGroup = E1224A911F4F117C002A183D;
			productRefGroup = E1224A9B1F4F117C002A183D /* Products */;
			projectDirPath = "";
			projectRoot = "";
			targets = (
				E1224A991F4F117C002A183D /* YamboMasterProject */,
				E1224AB01F4F117D002A183D /* YamboMasterProjectTests */,
				E1224ABB1F4F117D002A183D /* YamboMasterProjectUITests */,
			);
		};
/* End PBXProject section */

/* Begin PBXResourcesBuildPhase section */
		E1224A981F4F117C002A183D /* Resources */ = {
			isa = PBXResourcesBuildPhase;
			buildActionMask = 2147483647;
			files = (
				E1879FA11F62EFD600AF63AA /* invitado2.png in Resources */,
				E100918A1F6ACADE00B46E2A /* marketplace1-3.jpg in Resources */,
				E10091631F68334600B46E2A /* Invitado.plist in Resources */,
				E1879F981F62E25500AF63AA /* InvitadoCell.xib in Resources */,
				E1879FA31F62EFDB00AF63AA /* invitado3.png in Resources */,
				E1224AF41F4F28A3002A183D /* reservaciones2.jpg in Resources */,
				E1A7C6B91F54A5CD00E4FC32 /* CommunicadosTableViewCell.xib in Resources */,
				E10091871F6ACADE00B46E2A /* marketplace1-6.jpg in Resources */,
				E1A7C6B51F54A42E00E4FC32 /* mensaje5.jpg in Resources */,
				E111E2D11F5EEDC3005B4EBD /* comunicado2.jpg in Resources */,
				E100916F1F6AC67C00B46E2A /* Market.plist in Resources */,
				E1879F811F5F3E0A00AF63AA /* HomeHeaderCollectionReusableView.xib in Resources */,
				E1879F9D1F62EBFE00AF63AA /* invitado1.png in Resources */,
				E1224AF71F4F28A3002A183D /* reservaciones5.jpg in Resources */,
				E1224B021F4F4636002A183D /* ReservacionesTableViewCell.xib in Resources */,
				E111E2C31F59A59D005B4EBD /* HomeCollectionViewCell.xib in Resources */,
				E1FE0E6C1F5F04050040F68E /* mensaje3.jpg in Resources */,
				E1224AF81F4F2DFF002A183D /* TrendSansOne.otf in Resources */,
				E1224B0A1F5075BB002A183D /* MensajesTableViewCell.xib in Resources */,
				E10091A51F6C15D000B46E2A /* Solicitud.plist in Resources */,
				E1224AAB1F4F117D002A183D /* LaunchScreen.storyboard in Resources */,
				E10091911F6ACADF00B46E2A /* marketplace6.jpg in Resources */,
				E100918C1F6ACADE00B46E2A /* marketplace1.jpg in Resources */,
				E1224AF31F4F28A3002A183D /* reservaciones1.jpg in Resources */,
				E10091901F6ACADF00B46E2A /* marketplace5.jpg in Resources */,
				E1879FA51F62F0A900AF63AA /* invitado4.png in Resources */,
				E100918B1F6ACADE00B46E2A /* marketplace1-2.jpg in Resources */,
				E111E2D51F5EF0F6005B4EBD /* comunicado3.jpg in Resources */,
				E1879F7B1F5F26A700AF63AA /* mensajeIcon.png in Resources */,
				E1224AA81F4F117D002A183D /* Assets.xcassets in Resources */,
				E1879F771F5F08C100AF63AA /* mensaje1.jpg in Resources */,
				E10091881F6ACADE00B46E2A /* marketplace1-5.jpg in Resources */,
				E1879F7D1F5F27B800AF63AA /* comunicadoIcon.png in Resources */,
				E1A7C6B31F54A39100E4FC32 /* mensaje4.jpg in Resources */,
				E1224AF51F4F28A3002A183D /* reservaciones3.jpg in Resources */,
				E1879FA71F62F0AD00AF63AA /* invitado5.png in Resources */,
				E129B0751F6DBCA600809F1E /* InvitadoAddCell.xib in Resources */,
				E1224AA31F4F117C002A183D /* Main.storyboard in Resources */,
				E10091891F6ACADE00B46E2A /* marketplace1-4.jpg in Resources */,
				E111E2D31F5EEDD4005B4EBD /* comunicado4.jpg in Resources */,
				E1879F791F5F14E700AF63AA /* mensaje6.jpg in Resources */,
				E1879FA91F62F0C000AF63AA /* invitado6.png in Resources */,
				E100918E1F6ACADE00B46E2A /* marketplace3.jpg in Resources */,
				E1A7C6E01F55C5FB00E4FC32 /* MarketCell.xib in Resources */,
				E111E2CF1F5EEA36005B4EBD /* comunicado5.png in Resources */,
				E111E2CD1F5EE7EA005B4EBD /* comunicado1.jpg in Resources */,
				E1139DBC1F73222400E2AAE5 /* SolicitudPendiente.plist in Resources */,
				E1224AF61F4F28A3002A183D /* reservaciones4.jpg in Resources */,
				E100918F1F6ACADF00B46E2A /* marketplace4.jpg in Resources */,
				E1FE0E681F5F02CD0040F68E /* mensaje2.jpg in Resources */,
				E100918D1F6ACADE00B46E2A /* marketplace2.jpg in Resources */,
				E111E2D71F5EF3FE005B4EBD /* comunicado6.jpg in Resources */,
			);
			runOnlyForDeploymentPostprocessing = 0;
		};
		E1224AAF1F4F117D002A183D /* Resources */ = {
			isa = PBXResourcesBuildPhase;
			buildActionMask = 2147483647;
			files = (
			);
			runOnlyForDeploymentPostprocessing = 0;
		};
		E1224ABA1F4F117D002A183D /* Resources */ = {
			isa = PBXResourcesBuildPhase;
			buildActionMask = 2147483647;
			files = (
			);
			runOnlyForDeploymentPostprocessing = 0;
		};
/* End PBXResourcesBuildPhase section */

/* Begin PBXShellScriptBuildPhase section */
		0BE8A27A1F6F32D819CB5FC1 /* [CP] Copy Pods Resources */ = {
			isa = PBXShellScriptBuildPhase;
			buildActionMask = 2147483647;
			files = (
			);
			inputPaths = (
			);
			name = "[CP] Copy Pods Resources";
			outputPaths = (
			);
			runOnlyForDeploymentPostprocessing = 0;
			shellPath = /bin/sh;
			shellScript = "\"${SRCROOT}/Pods/Target Support Files/Pods-YamboMasterProjectTests/Pods-YamboMasterProjectTests-resources.sh\"\n";
			showEnvVarsInLog = 0;
		};
		0C48512A7FA5CE4036768873 /* [CP] Check Pods Manifest.lock */ = {
			isa = PBXShellScriptBuildPhase;
			buildActionMask = 2147483647;
			files = (
			);
			inputPaths = (
			);
			name = "[CP] Check Pods Manifest.lock";
			outputPaths = (
			);
			runOnlyForDeploymentPostprocessing = 0;
			shellPath = /bin/sh;
			shellScript = "diff \"${PODS_ROOT}/../Podfile.lock\" \"${PODS_ROOT}/Manifest.lock\" > /dev/null\nif [ $? != 0 ] ; then\n    # print error to STDERR\n    echo \"error: The sandbox is not in sync with the Podfile.lock. Run 'pod install' or update your CocoaPods installation.\" >&2\n    exit 1\nfi\n";
			showEnvVarsInLog = 0;
		};
		1E05B90CACF91152BDB90149 /* [CP] Check Pods Manifest.lock */ = {
			isa = PBXShellScriptBuildPhase;
			buildActionMask = 2147483647;
			files = (
			);
			inputPaths = (
			);
			name = "[CP] Check Pods Manifest.lock";
			outputPaths = (
			);
			runOnlyForDeploymentPostprocessing = 0;
			shellPath = /bin/sh;
			shellScript = "diff \"${PODS_ROOT}/../Podfile.lock\" \"${PODS_ROOT}/Manifest.lock\" > /dev/null\nif [ $? != 0 ] ; then\n    # print error to STDERR\n    echo \"error: The sandbox is not in sync with the Podfile.lock. Run 'pod install' or update your CocoaPods installation.\" >&2\n    exit 1\nfi\n";
			showEnvVarsInLog = 0;
		};
		2CC42A0322EAF76D323F8C02 /* [CP] Embed Pods Frameworks */ = {
			isa = PBXShellScriptBuildPhase;
			buildActionMask = 2147483647;
			files = (
			);
			inputPaths = (
			);
			name = "[CP] Embed Pods Frameworks";
			outputPaths = (
			);
			runOnlyForDeploymentPostprocessing = 0;
			shellPath = /bin/sh;
			shellScript = "\"${SRCROOT}/Pods/Target Support Files/Pods-YamboMasterProjectTests/Pods-YamboMasterProjectTests-frameworks.sh\"\n";
			showEnvVarsInLog = 0;
		};
		34E861C89A7DE448FFD60611 /* [CP] Copy Pods Resources */ = {
			isa = PBXShellScriptBuildPhase;
			buildActionMask = 2147483647;
			files = (
			);
			inputPaths = (
			);
			name = "[CP] Copy Pods Resources";
			outputPaths = (
			);
			runOnlyForDeploymentPostprocessing = 0;
			shellPath = /bin/sh;
			shellScript = "\"${SRCROOT}/Pods/Target Support Files/Pods-YamboMasterProjectUITests/Pods-YamboMasterProjectUITests-resources.sh\"\n";
			showEnvVarsInLog = 0;
		};
		7D5AD94394F8AC3BF5731B1A /* [CP] Embed Pods Frameworks */ = {
			isa = PBXShellScriptBuildPhase;
			buildActionMask = 2147483647;
			files = (
			);
			inputPaths = (
			);
			name = "[CP] Embed Pods Frameworks";
			outputPaths = (
			);
			runOnlyForDeploymentPostprocessing = 0;
			shellPath = /bin/sh;
			shellScript = "\"${SRCROOT}/Pods/Target Support Files/Pods-YamboMasterProjectUITests/Pods-YamboMasterProjectUITests-frameworks.sh\"\n";
			showEnvVarsInLog = 0;
		};
		82C9809CC672FA0A5B295B25 /* [CP] Copy Pods Resources */ = {
			isa = PBXShellScriptBuildPhase;
			buildActionMask = 2147483647;
			files = (
			);
			inputPaths = (
			);
			name = "[CP] Copy Pods Resources";
			outputPaths = (
			);
			runOnlyForDeploymentPostprocessing = 0;
			shellPath = /bin/sh;
			shellScript = "\"${SRCROOT}/Pods/Target Support Files/Pods-YamboMasterProject/Pods-YamboMasterProject-resources.sh\"\n";
			showEnvVarsInLog = 0;
		};
		9DC27D42F05AC5B3C6B4992B /* [CP] Check Pods Manifest.lock */ = {
			isa = PBXShellScriptBuildPhase;
			buildActionMask = 2147483647;
			files = (
			);
			inputPaths = (
			);
			name = "[CP] Check Pods Manifest.lock";
			outputPaths = (
			);
			runOnlyForDeploymentPostprocessing = 0;
			shellPath = /bin/sh;
			shellScript = "diff \"${PODS_ROOT}/../Podfile.lock\" \"${PODS_ROOT}/Manifest.lock\" > /dev/null\nif [ $? != 0 ] ; then\n    # print error to STDERR\n    echo \"error: The sandbox is not in sync with the Podfile.lock. Run 'pod install' or update your CocoaPods installation.\" >&2\n    exit 1\nfi\n";
			showEnvVarsInLog = 0;
		};
		D38286DF225AD922310B82B4 /* [CP] Embed Pods Frameworks */ = {
			isa = PBXShellScriptBuildPhase;
			buildActionMask = 2147483647;
			files = (
			);
			inputPaths = (
			);
			name = "[CP] Embed Pods Frameworks";
			outputPaths = (
			);
			runOnlyForDeploymentPostprocessing = 0;
			shellPath = /bin/sh;
			shellScript = "\"${SRCROOT}/Pods/Target Support Files/Pods-YamboMasterProject/Pods-YamboMasterProject-frameworks.sh\"\n";
			showEnvVarsInLog = 0;
		};
/* End PBXShellScriptBuildPhase section */

/* Begin PBXSourcesBuildPhase section */
		E1224A961F4F117C002A183D /* Sources */ = {
			isa = PBXSourcesBuildPhase;
			buildActionMask = 2147483647;
			files = (
				E1879F971F62E25500AF63AA /* InvitadoCell.swift in Sources */,
				E111E2C21F59A59D005B4EBD /* HomeCollectionViewCell.swift in Sources */,
				E10091A31F6B1AC100B46E2A /* MarketDetailView.swift in Sources */,
				E1139DBE1F73227500E2AAE5 /* SolicitudPendiente.swift in Sources */,
				E1224AD51F4F2783002A183D /* MenuModel.swift in Sources */,
				E1139DC81F7437EF00E2AAE5 /* PagoHeaderCell.swift in Sources */,
				E10091651F6834D900B46E2A /* Invitado.swift in Sources */,
				E1A7C6DC1F55BE5B00E4FC32 /* MarketTableViewController.swift in Sources */,
				E1C2DEE41F701A8B0085374E /* MarketDetail2View.swift in Sources */,
				E10091931F6ACC9E00B46E2A /* Market.swift in Sources */,
				E111E2C71F5B8ECD005B4EBD /* ComunicadoModel.swift in Sources */,
				E1139DC61F74223300E2AAE5 /* PagoTableViewController.swift in Sources */,
				E1879F921F62D9B200AF63AA /* InvitadoCollectionViewController.swift in Sources */,
				E1139DC01F7322C200E2AAE5 /* SolicitudPendienteDataSource.swift in Sources */,
				E1224B191F535FDF002A183D /* Extensions.swift in Sources */,
				E10091951F6ADF4800B46E2A /* MarketDataSource.swift in Sources */,
				E111E2BF1F59A56C005B4EBD /* HomeCollectionViewController.swift in Sources */,
				E1224AA61F4F117D002A183D /* YamboMasterProject.xcdatamodeld in Sources */,
				E1879F841F60538600AF63AA /* SolicitudCollectionViewController.swift in Sources */,
				E1224B041F5074E2002A183D /* MensajeTableViewController.swift in Sources */,
				E1224AFA1F4F3576002A183D /* ReservacionesTableViewController.swift in Sources */,
				E10091971F6AED1800B46E2A /* MarketDetailViewController.swift in Sources */,
				E1224A9E1F4F117C002A183D /* AppDelegate.swift in Sources */,
				E1A7C6BB1F54AA4300E4FC32 /* ComunicadoTableViewController.swift in Sources */,
				E100916D1F68A46900B46E2A /* InvitadosViewFlowLayout.swift in Sources */,
				E1879F801F5F3E0A00AF63AA /* HomeHeaderCollectionReusableView.swift in Sources */,
				E10091A91F6C1C6A00B46E2A /* SolicitudDataSource.swift in Sources */,
				E1224B011F4F4636002A183D /* ReservacionesTableViewCell.swift in Sources */,
				E1139DC41F73344E00E2AAE5 /* SolicitudReusableView.swift in Sources */,
				E129B0741F6DBCA600809F1E /* InvitadoAddCell.swift in Sources */,
				E111E2C91F5B91B2005B4EBD /* ReservacioneModel.swift in Sources */,
				E10091681F68359500B46E2A /* InvitadoDataSource.swift in Sources */,
				E1C2DEE81F701B5D0085374E /* MarketDetail2ViewViewController.swift in Sources */,
				E1A7C6DF1F55C5FB00E4FC32 /* MarketCell.swift in Sources */,
				E10091A71F6C177B00B46E2A /* Solicitude.swift in Sources */,
				E1224B091F5075BB002A183D /* MensajesTableViewCell.swift in Sources */,
				E111E2C51F5B8C01005B4EBD /* MensajeModel.swift in Sources */,
				E1A7C6B81F54A5CD00E4FC32 /* CommunicadosTableViewCell.swift in Sources */,
				E1A5A9371F7209F6003A9E0C /* SolicitudCell.swift in Sources */,
			);
			runOnlyForDeploymentPostprocessing = 0;
		};
		E1224AAD1F4F117D002A183D /* Sources */ = {
			isa = PBXSourcesBuildPhase;
			buildActionMask = 2147483647;
			files = (
				E1224AB61F4F117D002A183D /* YamboMasterProjectTests.swift in Sources */,
			);
			runOnlyForDeploymentPostprocessing = 0;
		};
		E1224AB81F4F117D002A183D /* Sources */ = {
			isa = PBXSourcesBuildPhase;
			buildActionMask = 2147483647;
			files = (
				E1224AC11F4F117D002A183D /* YamboMasterProjectUITests.swift in Sources */,
			);
			runOnlyForDeploymentPostprocessing = 0;
		};
/* End PBXSourcesBuildPhase section */

/* Begin PBXTargetDependency section */
		E1224AB31F4F117D002A183D /* PBXTargetDependency */ = {
			isa = PBXTargetDependency;
			target = E1224A991F4F117C002A183D /* YamboMasterProject */;
			targetProxy = E1224AB21F4F117D002A183D /* PBXContainerItemProxy */;
		};
		E1224ABE1F4F117D002A183D /* PBXTargetDependency */ = {
			isa = PBXTargetDependency;
			target = E1224A991F4F117C002A183D /* YamboMasterProject */;
			targetProxy = E1224ABD1F4F117D002A183D /* PBXContainerItemProxy */;
		};
/* End PBXTargetDependency section */

/* Begin PBXVariantGroup section */
		E1224AA11F4F117C002A183D /* Main.storyboard */ = {
			isa = PBXVariantGroup;
			children = (
				E1224AA21F4F117C002A183D /* Base */,
			);
			name = Main.storyboard;
			sourceTree = "<group>";
		};
		E1224AA91F4F117D002A183D /* LaunchScreen.storyboard */ = {
			isa = PBXVariantGroup;
			children = (
				E1224AAA1F4F117D002A183D /* Base */,
			);
			name = LaunchScreen.storyboard;
			sourceTree = "<group>";
		};
/* End PBXVariantGroup section */

/* Begin XCBuildConfiguration section */
		E1224AC31F4F117D002A183D /* Debug */ = {
			isa = XCBuildConfiguration;
			buildSettings = {
				ALWAYS_SEARCH_USER_PATHS = NO;
				CLANG_ANALYZER_NONNULL = YES;
				CLANG_ANALYZER_NUMBER_OBJECT_CONVERSION = YES_AGGRESSIVE;
				CLANG_CXX_LANGUAGE_STANDARD = "gnu++0x";
				CLANG_CXX_LIBRARY = "libc++";
				CLANG_ENABLE_MODULES = YES;
				CLANG_ENABLE_OBJC_ARC = YES;
				CLANG_WARN_BOOL_CONVERSION = YES;
				CLANG_WARN_CONSTANT_CONVERSION = YES;
				CLANG_WARN_DIRECT_OBJC_ISA_USAGE = YES_ERROR;
				CLANG_WARN_DOCUMENTATION_COMMENTS = YES;
				CLANG_WARN_EMPTY_BODY = YES;
				CLANG_WARN_ENUM_CONVERSION = YES;
				CLANG_WARN_INFINITE_RECURSION = YES;
				CLANG_WARN_INT_CONVERSION = YES;
				CLANG_WARN_OBJC_ROOT_CLASS = YES_ERROR;
				CLANG_WARN_SUSPICIOUS_MOVE = YES;
				CLANG_WARN_UNREACHABLE_CODE = YES;
				CLANG_WARN__DUPLICATE_METHOD_MATCH = YES;
				"CODE_SIGN_IDENTITY[sdk=iphoneos*]" = "iPhone Developer";
				COPY_PHASE_STRIP = NO;
				DEBUG_INFORMATION_FORMAT = dwarf;
				ENABLE_STRICT_OBJC_MSGSEND = YES;
				ENABLE_TESTABILITY = YES;
				GCC_C_LANGUAGE_STANDARD = gnu99;
				GCC_DYNAMIC_NO_PIC = NO;
				GCC_NO_COMMON_BLOCKS = YES;
				GCC_OPTIMIZATION_LEVEL = 0;
				GCC_PREPROCESSOR_DEFINITIONS = (
					"DEBUG=1",
					"$(inherited)",
				);
				GCC_WARN_64_TO_32_BIT_CONVERSION = YES;
				GCC_WARN_ABOUT_RETURN_TYPE = YES_ERROR;
				GCC_WARN_UNDECLARED_SELECTOR = YES;
				GCC_WARN_UNINITIALIZED_AUTOS = YES_AGGRESSIVE;
				GCC_WARN_UNUSED_FUNCTION = YES;
				GCC_WARN_UNUSED_VARIABLE = YES;
				IPHONEOS_DEPLOYMENT_TARGET = 10.3;
				MTL_ENABLE_DEBUG_INFO = YES;
				ONLY_ACTIVE_ARCH = YES;
				SDKROOT = iphoneos;
				SWIFT_ACTIVE_COMPILATION_CONDITIONS = DEBUG;
				SWIFT_OPTIMIZATION_LEVEL = "-Onone";
				TARGETED_DEVICE_FAMILY = "1,2";
			};
			name = Debug;
		};
		E1224AC41F4F117D002A183D /* Release */ = {
			isa = XCBuildConfiguration;
			buildSettings = {
				ALWAYS_SEARCH_USER_PATHS = NO;
				CLANG_ANALYZER_NONNULL = YES;
				CLANG_ANALYZER_NUMBER_OBJECT_CONVERSION = YES_AGGRESSIVE;
				CLANG_CXX_LANGUAGE_STANDARD = "gnu++0x";
				CLANG_CXX_LIBRARY = "libc++";
				CLANG_ENABLE_MODULES = YES;
				CLANG_ENABLE_OBJC_ARC = YES;
				CLANG_WARN_BOOL_CONVERSION = YES;
				CLANG_WARN_CONSTANT_CONVERSION = YES;
				CLANG_WARN_DIRECT_OBJC_ISA_USAGE = YES_ERROR;
				CLANG_WARN_DOCUMENTATION_COMMENTS = YES;
				CLANG_WARN_EMPTY_BODY = YES;
				CLANG_WARN_ENUM_CONVERSION = YES;
				CLANG_WARN_INFINITE_RECURSION = YES;
				CLANG_WARN_INT_CONVERSION = YES;
				CLANG_WARN_OBJC_ROOT_CLASS = YES_ERROR;
				CLANG_WARN_SUSPICIOUS_MOVE = YES;
				CLANG_WARN_UNREACHABLE_CODE = YES;
				CLANG_WARN__DUPLICATE_METHOD_MATCH = YES;
				"CODE_SIGN_IDENTITY[sdk=iphoneos*]" = "iPhone Developer";
				COPY_PHASE_STRIP = NO;
				DEBUG_INFORMATION_FORMAT = "dwarf-with-dsym";
				ENABLE_NS_ASSERTIONS = NO;
				ENABLE_STRICT_OBJC_MSGSEND = YES;
				GCC_C_LANGUAGE_STANDARD = gnu99;
				GCC_NO_COMMON_BLOCKS = YES;
				GCC_WARN_64_TO_32_BIT_CONVERSION = YES;
				GCC_WARN_ABOUT_RETURN_TYPE = YES_ERROR;
				GCC_WARN_UNDECLARED_SELECTOR = YES;
				GCC_WARN_UNINITIALIZED_AUTOS = YES_AGGRESSIVE;
				GCC_WARN_UNUSED_FUNCTION = YES;
				GCC_WARN_UNUSED_VARIABLE = YES;
				IPHONEOS_DEPLOYMENT_TARGET = 10.3;
				MTL_ENABLE_DEBUG_INFO = NO;
				SDKROOT = iphoneos;
				SWIFT_OPTIMIZATION_LEVEL = "-Owholemodule";
				TARGETED_DEVICE_FAMILY = "1,2";
				VALIDATE_PRODUCT = YES;
			};
			name = Release;
		};
		E1224AC61F4F117D002A183D /* Debug */ = {
			isa = XCBuildConfiguration;
			baseConfigurationReference = 5FB9FD4609A89C21A784EA6E /* Pods-YamboMasterProject.debug.xcconfig */;
			buildSettings = {
				ALWAYS_EMBED_SWIFT_STANDARD_LIBRARIES = YES;
				ASSETCATALOG_COMPILER_APPICON_NAME = AppIcon;
				DEVELOPMENT_TEAM = K24N6NL7FA;
				INFOPLIST_FILE = YamboMasterProject/Info.plist;
				LD_RUNPATH_SEARCH_PATHS = "$(inherited) @executable_path/Frameworks";
				PRODUCT_BUNDLE_IDENTIFIER = dennisv.YamboMasterProject;
				PRODUCT_NAME = "$(TARGET_NAME)";
				SWIFT_VERSION = 3.0;
			};
			name = Debug;
		};
		E1224AC71F4F117D002A183D /* Release */ = {
			isa = XCBuildConfiguration;
			baseConfigurationReference = 3A31C8F298AFC13D94C50273 /* Pods-YamboMasterProject.release.xcconfig */;
			buildSettings = {
				ALWAYS_EMBED_SWIFT_STANDARD_LIBRARIES = YES;
				ASSETCATALOG_COMPILER_APPICON_NAME = AppIcon;
				DEVELOPMENT_TEAM = K24N6NL7FA;
				INFOPLIST_FILE = YamboMasterProject/Info.plist;
				LD_RUNPATH_SEARCH_PATHS = "$(inherited) @executable_path/Frameworks";
				PRODUCT_BUNDLE_IDENTIFIER = dennisv.YamboMasterProject;
				PRODUCT_NAME = "$(TARGET_NAME)";
				SWIFT_VERSION = 3.0;
			};
			name = Release;
		};
		E1224AC91F4F117D002A183D /* Debug */ = {
			isa = XCBuildConfiguration;
			baseConfigurationReference = 86C931C33D223C123E15877E /* Pods-YamboMasterProjectTests.debug.xcconfig */;
			buildSettings = {
				ALWAYS_EMBED_SWIFT_STANDARD_LIBRARIES = "$(inherited)";
				BUNDLE_LOADER = "$(TEST_HOST)";
				DEVELOPMENT_TEAM = K24N6NL7FA;
				INFOPLIST_FILE = YamboMasterProjectTests/Info.plist;
				LD_RUNPATH_SEARCH_PATHS = "$(inherited) @executable_path/Frameworks @loader_path/Frameworks";
				PRODUCT_BUNDLE_IDENTIFIER = dennisv.YamboMasterProjectTests;
				PRODUCT_NAME = "$(TARGET_NAME)";
				SWIFT_VERSION = 3.0;
				TEST_HOST = "$(BUILT_PRODUCTS_DIR)/YamboMasterProject.app/YamboMasterProject";
			};
			name = Debug;
		};
		E1224ACA1F4F117D002A183D /* Release */ = {
			isa = XCBuildConfiguration;
			baseConfigurationReference = 858B48BA6AC7622F17A5F236 /* Pods-YamboMasterProjectTests.release.xcconfig */;
			buildSettings = {
				ALWAYS_EMBED_SWIFT_STANDARD_LIBRARIES = "$(inherited)";
				BUNDLE_LOADER = "$(TEST_HOST)";
				DEVELOPMENT_TEAM = K24N6NL7FA;
				INFOPLIST_FILE = YamboMasterProjectTests/Info.plist;
				LD_RUNPATH_SEARCH_PATHS = "$(inherited) @executable_path/Frameworks @loader_path/Frameworks";
				PRODUCT_BUNDLE_IDENTIFIER = dennisv.YamboMasterProjectTests;
				PRODUCT_NAME = "$(TARGET_NAME)";
				SWIFT_VERSION = 3.0;
				TEST_HOST = "$(BUILT_PRODUCTS_DIR)/YamboMasterProject.app/YamboMasterProject";
			};
			name = Release;
		};
		E1224ACC1F4F117D002A183D /* Debug */ = {
			isa = XCBuildConfiguration;
			baseConfigurationReference = 9237376A30E99C539FCE58CC /* Pods-YamboMasterProjectUITests.debug.xcconfig */;
			buildSettings = {
				ALWAYS_EMBED_SWIFT_STANDARD_LIBRARIES = "$(inherited)";
				DEVELOPMENT_TEAM = K24N6NL7FA;
				INFOPLIST_FILE = YamboMasterProjectUITests/Info.plist;
				LD_RUNPATH_SEARCH_PATHS = "$(inherited) @executable_path/Frameworks @loader_path/Frameworks";
				PRODUCT_BUNDLE_IDENTIFIER = dennisv.YamboMasterProjectUITests;
				PRODUCT_NAME = "$(TARGET_NAME)";
				SWIFT_VERSION = 3.0;
				TEST_TARGET_NAME = YamboMasterProject;
			};
			name = Debug;
		};
		E1224ACD1F4F117D002A183D /* Release */ = {
			isa = XCBuildConfiguration;
			baseConfigurationReference = 3AC9FD406B95F2879583480F /* Pods-YamboMasterProjectUITests.release.xcconfig */;
			buildSettings = {
				ALWAYS_EMBED_SWIFT_STANDARD_LIBRARIES = "$(inherited)";
				DEVELOPMENT_TEAM = K24N6NL7FA;
				INFOPLIST_FILE = YamboMasterProjectUITests/Info.plist;
				LD_RUNPATH_SEARCH_PATHS = "$(inherited) @executable_path/Frameworks @loader_path/Frameworks";
				PRODUCT_BUNDLE_IDENTIFIER = dennisv.YamboMasterProjectUITests;
				PRODUCT_NAME = "$(TARGET_NAME)";
				SWIFT_VERSION = 3.0;
				TEST_TARGET_NAME = YamboMasterProject;
			};
			name = Release;
		};
/* End XCBuildConfiguration section */

/* Begin XCConfigurationList section */
		E1224A951F4F117C002A183D /* Build configuration list for PBXProject "YamboMasterProject" */ = {
			isa = XCConfigurationList;
			buildConfigurations = (
				E1224AC31F4F117D002A183D /* Debug */,
				E1224AC41F4F117D002A183D /* Release */,
			);
			defaultConfigurationIsVisible = 0;
			defaultConfigurationName = Release;
		};
		E1224AC51F4F117D002A183D /* Build configuration list for PBXNativeTarget "YamboMasterProject" */ = {
			isa = XCConfigurationList;
			buildConfigurations = (
				E1224AC61F4F117D002A183D /* Debug */,
				E1224AC71F4F117D002A183D /* Release */,
			);
			defaultConfigurationIsVisible = 0;
			defaultConfigurationName = Release;
		};
		E1224AC81F4F117D002A183D /* Build configuration list for PBXNativeTarget "YamboMasterProjectTests" */ = {
			isa = XCConfigurationList;
			buildConfigurations = (
				E1224AC91F4F117D002A183D /* Debug */,
				E1224ACA1F4F117D002A183D /* Release */,
			);
			defaultConfigurationIsVisible = 0;
			defaultConfigurationName = Release;
		};
		E1224ACB1F4F117D002A183D /* Build configuration list for PBXNativeTarget "YamboMasterProjectUITests" */ = {
			isa = XCConfigurationList;
			buildConfigurations = (
				E1224ACC1F4F117D002A183D /* Debug */,
				E1224ACD1F4F117D002A183D /* Release */,
			);
			defaultConfigurationIsVisible = 0;
			defaultConfigurationName = Release;
		};
/* End XCConfigurationList section */

/* Begin XCVersionGroup section */
		E1224AA41F4F117C002A183D /* YamboMasterProject.xcdatamodeld */ = {
			isa = XCVersionGroup;
			children = (
				E1224AA51F4F117C002A183D /* YamboMasterProject.xcdatamodel */,
			);
			currentVersion = E1224AA51F4F117C002A183D /* YamboMasterProject.xcdatamodel */;
			path = YamboMasterProject.xcdatamodeld;
			sourceTree = "<group>";
			versionGroupType = wrapper.xcdatamodel;
		};
/* End XCVersionGroup section */
	};
	rootObject = E1224A921F4F117C002A183D /* Project object */;
}
